
Microsoft Visual Studio Solution File, Format Version 12.00
# Visual Studio 2012
Project("{FAE04EC0-301F-11D3-BF4B-00C04F79EFBC}") = "PKHackTool", "PKHackTool\PKHackTool.csproj", "{B814F809-E82D-46A5-8512-67470DB71FBC}"
EndProject
Global
	GlobalSection(SolutionConfigurationPlatforms) = preSolution
		Debug|Any CPU = Debug|Any CPU
		Release|Any CPU = Release|Any CPU
	EndGlobalSection
	GlobalSection(ProjectConfigurationPlatforms) = postSolution
		{B814F809-E82D-46A5-8512-67470DB71FBC}.Debug|Any CPU.ActiveCfg = Release|Any CPU
		{B814F809-E82D-46A5-8512-67470DB71FBC}.Debug|Any CPU.Build.0 = Release|Any CPU
		{B814F809-E82D-46A5-8512-67470DB71FBC}.Release|Any CPU.ActiveCfg = Release|Any CPU
		{B814F809-E82D-46A5-8512-67470DB71FBC}.Release|Any CPU.Build.0 = Release|Any CPU
	EndGlobalSection
	GlobalSection(SolutionProperties) = preSolution
		HideSolutionNode = FALSE
	EndGlobalSection
EndGlobal
